// !$*UTF8*$!
{
	archiveVersion = 1;
	classes = {
	};
	objectVersion = 46;
	objects = {

/* Begin PBXBuildFile section */
		CF0C28C11C8D61D00088CD23 /* AppDelegate.swift in Sources */ = {isa = PBXBuildFile; fileRef = CF0C28C01C8D61D00088CD23 /* AppDelegate.swift */; };
		CF0C28C31C8D61D00088CD23 /* ViewController.swift in Sources */ = {isa = PBXBuildFile; fileRef = CF0C28C21C8D61D00088CD23 /* ViewController.swift */; };
		CF0C28C61C8D61D00088CD23 /* Main.storyboard in Resources */ = {isa = PBXBuildFile; fileRef = CF0C28C41C8D61D00088CD23 /* Main.storyboard */; };
		CF0C28C81C8D61D00088CD23 /* Assets.xcassets in Resources */ = {isa = PBXBuildFile; fileRef = CF0C28C71C8D61D00088CD23 /* Assets.xcassets */; };
		CF0C28CB1C8D61D00088CD23 /* LaunchScreen.storyboard in Resources */ = {isa = PBXBuildFile; fileRef = CF0C28C91C8D61D00088CD23 /* LaunchScreen.storyboard */; };
/* End PBXBuildFile section */

/* Begin PBXFileReference section */
		CF0C28BD1C8D61D00088CD23 /* On The Map.app */ = {isa = PBXFileReference; explicitFileType = wrapper.application; includeInIndex = 0; path = "On The Map.app"; sourceTree = BUILT_PRODUCTS_DIR; };
		CF0C28C01C8D61D00088CD23 /* AppDelegate.swift */ = {isa = PBXFileReference; lastKnownFileType = sourcecode.swift; path = AppDelegate.swift; sourceTree = "<group>"; };
		CF0C28C21C8D61D00088CD23 /* ViewController.swift */ = {isa = PBXFileReference; lastKnownFileType = sourcecode.swift; path = ViewController.swift; sourceTree = "<group>"; };
		CF0C28C51C8D61D00088CD23 /* Base */ = {isa = PBXFileReference; lastKnownFileType = file.storyboard; name = Base; path = Base.lproj/Main.storyboard; sourceTree = "<group>"; };
		CF0C28C71C8D61D00088CD23 /* Assets.xcassets */ = {isa = PBXFileReference; lastKnownFileType = folder.assetcatalog; path = Assets.xcassets; sourceTree = "<group>"; };
		CF0C28CA1C8D61D00088CD23 /* Base */ = {isa = PBXFileReference; lastKnownFileType = file.storyboard; name = Base; path = Base.lproj/LaunchScreen.storyboard; sourceTree = "<group>"; };
		CF0C28CC1C8D61D00088CD23 /* Info.plist */ = {isa = PBXFileReference; lastKnownFileType = text.plist.xml; path = Info.plist; sourceTree = "<group>"; };
/* End PBXFileReference section */

/* Begin PBXFrameworksBuildPhase section */
		CF0C28BA1C8D61D00088CD23 /* Frameworks */ = {
			isa = PBXFrameworksBuildPhase;
			buildActionMask = 2147483647;
			files = (
			);
			runOnlyForDeploymentPostprocessing = 0;
		};
/* End PBXFrameworksBuildPhase section */

/* Begin PBXGroup section */
		CF0C28B41C8D61CF0088CD23 = {
			isa = PBXGroup;
			children = (
				CF0C28BF1C8D61D00088CD23 /* On The Map */,
				CF0C28BE1C8D61D00088CD23 /* Products */,
			);
			sourceTree = "<group>";
		};
		CF0C28BE1C8D61D00088CD23 /* Products */ = {
			isa = PBXGroup;
			children = (
				CF0C28BD1C8D61D00088CD23 /* On The Map.app */,
			);
			name = Products;
			sourceTree = "<group>";
		};
		CF0C28BF1C8D61D00088CD23 /* On The Map */ = {
			isa = PBXGroup;
			children = (
				CF0C28C01C8D61D00088CD23 /* AppDelegate.swift */,
				CF0C28C21C8D61D00088CD23 /* ViewController.swift */,
				CF0C28C41C8D61D00088CD23 /* Main.storyboard */,
				CF0C28C71C8D61D00088CD23 /* Assets.xcassets */,
				CF0C28C91C8D61D00088CD23 /* LaunchScreen.storyboard */,
				CF0C28CC1C8D61D00088CD23 /* Info.plist */,
			);
			path = "On The Map";
			sourceTree = "<group>";
		};
/* End PBXGroup section */

/* Begin PBXNativeTarget section */
		CF0C28BC1C8D61D00088CD23 /* On The Map */ = {
			isa = PBXNativeTarget;
			buildConfigurationList = CF0C28CF1C8D61D00088CD23 /* Build configuration list for PBXNativeTarget "On The Map" */;
			buildPhases = (
				CF0C28B91C8D61D00088CD23 /* Sources */,
				CF0C28BA1C8D61D00088CD23 /* Frameworks */,
				CF0C28BB1C8D61D00088CD23 /* Resources */,
			);
			buildRules = (
			);
			dependencies = (
			);
			name = "On The Map";
			productName = "On The Map";
			productReference = CF0C28BD1C8D61D00088CD23 /* On The Map.app */;
			productType = "com.apple.product-type.application";
		};
/* End PBXNativeTarget section */

/* Begin PBXProject section */
		CF0C28B51C8D61CF0088CD23 /* Project object */ = {
			isa = PBXProject;
			attributes = {
				LastSwiftUpdateCheck = 0720;
				LastUpgradeCheck = 0720;
				ORGANIZATIONNAME = "Jorge Plaza";
				TargetAttributes = {
					CF0C28BC1C8D61D00088CD23 = {
						CreatedOnToolsVersion = 7.2;
					};
				};
			};
			buildConfigurationList = CF0C28B81C8D61CF0088CD23 /* Build configuration list for PBXProject "On The Map" */;
			compatibilityVersion = "Xcode 3.2";
			developmentRegion = English;
			hasScannedForEncodings = 0;
			knownRegions = (
				en,
				Base,
			);
			mainGroup = CF0C28B41C8D61CF0088CD23;
			productRefGroup = CF0C28BE1C8D61D00088CD23 /* Products */;
			projectDirPath = "";
			projectRoot = "";
			targets = (
				CF0C28BC1C8D61D00088CD23 /* On The Map */,
			);
		};
/* End PBXProject section */

/* Begin PBXResourcesBuildPhase section */
		CF0C28BB1C8D61D00088CD23 /* Resources */ = {
			isa = PBXResourcesBuildPhase;
			buildActionMask = 2147483647;
			files = (
				CF0C28CB1C8D61D00088CD23 /* LaunchScreen.storyboard in Resources */,
				CF0C28C81C8D61D00088CD23 /* Assets.xcassets in Resources */,
				CF0C28C61C8D61D00088CD23 /* Main.storyboard in Resources */,
			);
			runOnlyForDeploymentPostprocessing = 0;
		};
/* End PBXResourcesBuildPhase section */

/* Begin PBXSourcesBuildPhase section */
		CF0C28B91C8D61D00088CD23 /* Sources */ = {
			isa = PBXSourcesBuildPhase;
			buildActionMask = 2147483647;
			files = (
				CF0C28C31C8D61D00088CD23 /* ViewController.swift in Sources */,
				CF0C28C11C8D61D00088CD23 /* AppDelegate.swift in Sources */,
			);
			runOnlyForDeploymentPostprocessing = 0;
		};
/* End PBXSourcesBuildPhase section */

/* Begin PBXVariantGroup section */
		CF0C28C41C8D61D00088CD23 /* Main.storyboard */ = {
			isa = PBXVariantGroup;
			children = (
				CF0C28C51C8D61D00088CD23 /* Base */,
			);
			name = Main.storyboard;
			sourceTree = "<group>";
		};
		CF0C28C91C8D61D00088CD23 /* LaunchScreen.storyboard */ = {
			isa = PBXVariantGroup;
			children = (
				CF0C28CA1C8D61D00088CD23 /* Base */,
			);
			name = LaunchScreen.storyboard;
			sourceTree = "<group>";
		};
/* End PBXVariantGroup section */

/* Begin XCBuildConfiguration section */
		CF0C28CD1C8D61D00088CD23 /* Debug */ = {
			isa = XCBuildConfiguration;
			buildSettings = {
				ALWAYS_SEARCH_USER_PATHS = NO;
				CLANG_CXX_LANGUAGE_STANDARD = "gnu++0x";
				CLANG_CXX_LIBRARY = "libc++";
				CLANG_ENABLE_MODULES = YES;
				CLANG_ENABLE_OBJC_ARC = YES;
				CLANG_WARN_BOOL_CONVERSION = YES;
				CLANG_WARN_CONSTANT_CONVERSION = YES;
				CLANG_WARN_DIRECT_OBJC_ISA_USAGE = YES_ERROR;
				CLANG_WARN_EMPTY_BODY = YES;
				CLANG_WARN_ENUM_CONVERSION = YES;
				CLANG_WARN_INT_CONVERSION = YES;
				CLANG_WARN_OBJC_ROOT_CLASS = YES_ERROR;
				CLANG_WARN_UNREACHABLE_CODE = YES;
				CLANG_WARN__DUPLICATE_METHOD_MATCH = YES;
				"CODE_SIGN_IDENTITY[sdk=iphoneos*]" = "iPhone Developer";
				COPY_PHASE_STRIP = NO;
				DEBUG_INFORMATION_FORMAT = dwarf;
				ENABLE_STRICT_OBJC_MSGSEND = YES;
				ENABLE_TESTABILITY = YES;
				GCC_C_LANGUAGE_STANDARD = gnu99;
				GCC_DYNAMIC_NO_PIC = NO;
				GCC_NO_COMMON_BLOCKS = YES;
				GCC_OPTIMIZATION_LEVEL = 0;
				GCC_PREPROCESSOR_DEFINITIONS = (
					"DEBUG=1",
					"$(inherited)",
				);
				GCC_WARN_64_TO_32_BIT_CONVERSION = YES;
				GCC_WARN_ABOUT_RETURN_TYPE = YES_ERROR;
				GCC_WARN_UNDECLARED_SELECTOR = YES;
				GCC_WARN_UNINITIALIZED_AUTOS = YES_AGGRESSIVE;
				GCC_WARN_UNUSED_FUNCTION = YES;
				GCC_WARN_UNUSED_VARIABLE = YES;
				IPHONEOS_DEPLOYMENT_TARGET = 9.2;
				MTL_ENABLE_DEBUG_INFO = YES;
				ONLY_ACTIVE_ARCH = YES;
				SDKROOT = iphoneos;
				SWIFT_OPTIMIZATION_LEVEL = "-Onone";
				TARGETED_DEVICE_FAMILY = "1,2";
			};
			name = Debug;
		};
		CF0C28CE1C8D61D00088CD23 /* Release */ = {
			isa = XCBuildConfiguration;
			buildSettings = {
				ALWAYS_SEARCH_USER_PATHS = NO;
				CLANG_CXX_LANGUAGE_STANDARD = "gnu++0x";
				CLANG_CXX_LIBRARY = "libc++";
				CLANG_ENABLE_MODULES = YES;
				CLANG_ENABLE_OBJC_ARC = YES;
				CLANG_WARN_BOOL_CONVERSION = YES;
				CLANG_WARN_CONSTANT_CONVERSION = YES;
				CLANG_WARN_DIRECT_OBJC_ISA_USAGE = YES_ERROR;
				CLANG_WARN_EMPTY_BODY = YES;
				CLANG_WARN_ENUM_CONVERSION = YES;
				CLANG_WARN_INT_CONVERSION = YES;
				CLANG_WARN_OBJC_ROOT_CLASS = YES_ERROR;
				CLANG_WARN_UNREACHABLE_CODE = YES;
				CLANG_WARN__DUPLICATE_METHOD_MATCH = YES;
				"CODE_SIGN_IDENTITY[sdk=iphoneos*]" = "iPhone Developer";
				COPY_PHASE_STRIP = NO;
				DEBUG_INFORMATION_FORMAT = "dwarf-with-dsym";
				ENABLE_NS_ASSERTIONS = NO;
				ENABLE_STRICT_OBJC_MSGSEND = YES;
				GCC_C_LANGUAGE_STANDARD = gnu99;
				GCC_NO_COMMON_BLOCKS = YES;
				GCC_WARN_64_TO_32_BIT_CONVERSION = YES;
				GCC_WARN_ABOUT_RETURN_TYPE = YES_ERROR;
				GCC_WARN_UNDECLARED_SELECTOR = YES;
				GCC_WARN_UNINITIALIZED_AUTOS = YES_AGGRESSIVE;
				GCC_WARN_UNUSED_FUNCTION = YES;
				GCC_WARN_UNUSED_VARIABLE = YES;
				IPHONEOS_DEPLOYMENT_TARGET = 9.2;
				MTL_ENABLE_DEBUG_INFO = NO;
				SDKROOT = iphoneos;
				TARGETED_DEVICE_FAMILY = "1,2";
				VALIDATE_PRODUCT = YES;
			};
			name = Release;
		};
		CF0C28D01C8D61D00088CD23 /* Debug */ = {
			isa = XCBuildConfiguration;
			buildSettings = {
				ASSETCATALOG_COMPILER_APPICON_NAME = AppIcon;
				INFOPLIST_FILE = "On The Map/Info.plist";
				LD_RUNPATH_SEARCH_PATHS = "$(inherited) @executable_path/Frameworks";
				PRODUCT_BUNDLE_IDENTIFIER = "net.jorgeplaza.On-The-Map";
				PRODUCT_NAME = "$(TARGET_NAME)";
			};
			name = Debug;
		};
		CF0C28D11C8D61D00088CD23 /* Release */ = {
			isa = XCBuildConfiguration;
			buildSettings = {
				ASSETCATALOG_COMPILER_APPICON_NAME = AppIcon;
				INFOPLIST_FILE = "On The Map/Info.plist";
				LD_RUNPATH_SEARCH_PATHS = "$(inherited) @executable_path/Frameworks";
				PRODUCT_BUNDLE_IDENTIFIER = "net.jorgeplaza.On-The-Map";
				PRODUCT_NAME = "$(TARGET_NAME)";
			};
			name = Release;
		};
/* End XCBuildConfiguration section */

/* Begin XCConfigurationList section */
		CF0C28B81C8D61CF0088CD23 /* Build configuration list for PBXProject "On The Map" */ = {
			isa = XCConfigurationList;
			buildConfigurations = (
				CF0C28CD1C8D61D00088CD23 /* Debug */,
				CF0C28CE1C8D61D00088CD23 /* Release */,
			);
			defaultConfigurationIsVisible = 0;
			defaultConfigurationName = Release;
		};
		CF0C28CF1C8D61D00088CD23 /* Build configuration list for PBXNativeTarget "On The Map" */ = {
			isa = XCConfigurationList;
			buildConfigurations = (
				CF0C28D01C8D61D00088CD23 /* Debug */,
				CF0C28D11C8D61D00088CD23 /* Release */,
			);
			defaultConfigurationIsVisible = 0;
		};
/* End XCConfigurationList section */
	};
	rootObject = CF0C28B51C8D61CF0088CD23 /* Project object */;
}
